
podzol:
  type: 0
  id: 0

  reflection: 0.0

  texture_top: podzol_top
  texture_bottom: podzol_top

  texture_left: podzol_side
  texture_right: podzol_side
  texture_Back: podzol_side
  texture_front: podzol_side

stone:
  type: 0
  id: 1

  reflection: 0.5

  texture_top: stone
  texture_bottom: stone

  texture_left: stone
  texture_right: stone
  texture_Back: stone
  texture_front: stone

stone_rough:
  type: 0
  id: 2

  reflection: 0.5

  texture_top: stone_rough
  texture_bottom: stone_rough

  texture_left: stone_rough
  texture_right: stone_rough
  texture_Back: stone_rough
  texture_front: stone_rough

glass:
  type: 1
  id: 2

  reflection: 0.5

  texture_top: stone_rough
  texture_bottom: stone_rough

  texture_left: stone_rough
  texture_right: stone_rough
  texture_Back: stone_rough
  texture_front: stone_rough