
podzol:
  type: 0
  id: 0

  reflection: 0.02

  texture_top: dirt_podzol_top
  texture_bottom: dirt_podzol_top

  texture_left: dirt_podzol_side
  texture_right: dirt_podzol_side
  texture_Back: dirt_podzol_side
  texture_front: dirt_podzol_side

stone:
  type: 0
  id: 1

  reflection: 0.03

  texture_top: stone
  texture_bottom: stone

  texture_left: stone
  texture_right: stone
  texture_Back: stone
  texture_front: stone

stone_rough:
  type: 0
  id: 2

  reflection: 0.01

  texture_top: stonebrick_cracked
  texture_bottom: stonebrick_cracked

  texture_left: stonebrick_cracked
  texture_right: stonebrick_cracked
  texture_Back: stonebrick_cracked
  texture_front: stonebrick_cracked

cobble:
  type: 0
  id: 4

  reflection: 0.02

  texture_top: cobblestone
  texture_bottom: cobblestone

  texture_left: cobblestone
  texture_right: cobblestone
  texture_Back: cobblestone
  texture_front: cobblestone

dirt:
  type: 0
  id: 5

  reflection: 0.02

  texture_top: dirt
  texture_bottom: dirt

  texture_left: dirt
  texture_right: dirt
  texture_Back: dirt
  texture_front: dirt

grass:
  type: 0
  id: 6

  reflection: 0.02

  texture_top: grass_top
  texture_bottom: dirt

  texture_left: grass_side
  texture_right: grass_side
  texture_Back: grass_side
  texture_front: grass_side

test:
  type: 0
  id: 7

  reflection: 0.2

  texture_top: test
  texture_bottom: test

  texture_left: test
  texture_right: test
  texture_Back: test
  texture_front: test

sand:
  type: 0
  id: 8

  reflection: 0.02

  texture_top: sand
  texture_bottom: sand

  texture_left: sand
  texture_right: sand
  texture_Back: sand
  texture_front: sand

red_sand:
  type: 0
  id: 9

  reflection: 0.02

  texture_top: red_sand
  texture_bottom: red_sand

  texture_left: red_sand
  texture_right: red_sand
  texture_Back: red_sand
  texture_front: red_sand

coarse_dirt:
  type: 0
  id: 10

  reflection: 0.02

  texture_top: coarse_dirt
  texture_bottom: coarse_dirt

  texture_left: coarse_dirt
  texture_right: coarse_dirt
  texture_Back: coarse_dirt
  texture_front: coarse_dirt

wool_colored_blue:
  type: 0
  id: 11

  reflection: 0.02

  texture_top: wool_colored_blue
  texture_bottom: wool_colored_blue

  texture_left: wool_colored_blue
  texture_right: wool_colored_blue
  texture_Back: wool_colored_blue
  texture_front: wool_colored_blue

wool_colored_light_blue:
  type: 0
  id: 12

  reflection: 0.02

  texture_top: wool_colored_light_blue
  texture_bottom: wool_colored_light_blue

  texture_left: wool_colored_light_blue
  texture_right: wool_colored_light_blue
  texture_Back: wool_colored_light_blue
  texture_front: wool_colored_light_blue

wool_colored_magenta:
  type: 0
  id: 13

  reflection: 0.02

  texture_top: wool_colored_magenta
  texture_bottom: wool_colored_magenta

  texture_left: wool_colored_magenta
  texture_right: wool_colored_magenta
  texture_Back: wool_colored_magenta
  texture_front: wool_colored_magenta

wool_colored_pink:
  type: 0
  id: 14

  reflection: 0.02

  texture_top: wool_colored_pink
  texture_bottom: wool_colored_pink

  texture_left: wool_colored_pink
  texture_right: wool_colored_pink
  texture_Back: wool_colored_pink
  texture_front: wool_colored_pink

wool_colored_yellow:
  type: 0
  id: 15

  reflection: 0.02

  texture_top: wool_colored_yellow
  texture_bottom: wool_colored_yellow

  texture_left: wool_colored_yellow
  texture_right: wool_colored_yellow
  texture_Back: wool_colored_yellow
  texture_front: wool_colored_yellow

wool_colored_lime:
  type: 0
  id: 16

  reflection: 0.02

  texture_top: wool_colored_lime
  texture_bottom: wool_colored_lime

  texture_left: wool_colored_lime
  texture_right: wool_colored_lime
  texture_Back: wool_colored_lime
  texture_front: wool_colored_lime

wool_colored_green:
  type: 0
  id: 17

  reflection: 0.02

  texture_top: wool_colored_green
  texture_bottom: wool_colored_green

  texture_left: wool_colored_green
  texture_right: wool_colored_green
  texture_Back: wool_colored_green
  texture_front: wool_colored_green

wool_colored_orange:
  type: 0
  id: 18

  reflection: 0.02

  texture_top: wool_colored_orange
  texture_bottom: wool_colored_orange

  texture_left: wool_colored_orange
  texture_right: wool_colored_orange
  texture_Back: wool_colored_orange
  texture_front: wool_colored_orange

wool_colored_white:
  type: 0
  id: 19

  reflection: 0.02

  texture_top: wool_colored_white
  texture_bottom: wool_colored_white

  texture_left: wool_colored_white
  texture_right: wool_colored_white
  texture_Back: wool_colored_white
  texture_front: wool_colored_white

wool_colored_red:
  type: 0
  id: 20

  reflection: 0.02

  texture_top: wool_colored_red
  texture_bottom: wool_colored_red

  texture_left: wool_colored_red
  texture_right: wool_colored_red
  texture_Back: wool_colored_red
  texture_front: wool_colored_red

sandstone:
  type: 0
  id: 21

  reflection: 0.02

  texture_top: sandstone_top
  texture_bottom: sandstone_bottom

  texture_left: sandstone_normal
  texture_right: sandstone_normal
  texture_Back: sandstone_normal
  texture_front: sandstone_normal

red_sandstone:
  type: 0
  id: 22

  reflection: 0.02

  texture_top: red_sandstone_top
  texture_bottom: red_sandstone_bottom

  texture_left: red_sandstone_normal
  texture_right: red_sandstone_normal
  texture_Back: red_sandstone_normal
  texture_front: red_sandstone_normal

snow_grass:
  type: 0
  id: 23

  reflection: 0.02

  texture_top: snow
  texture_bottom: dirt

  texture_left: grass_side_snowed
  texture_right: grass_side_snowed
  texture_Back: grass_side_snowed
  texture_front: grass_side_snowed

stone_granite:
  type: 0
  id: 24

  reflection: 0.02

  texture_top: stone_granite
  texture_bottom: stone_granite

  texture_left: stone_granite
  texture_right: stone_granite
  texture_Back: stone_granite
  texture_front: stone_granite

stone_granite_smooth:
  type: 0
  id: 25

  reflection: 0.02

  texture_top: stone_granite_smooth
  texture_bottom: stone_granite_smooth

  texture_left: stone_granite_smooth
  texture_right: stone_granite_smooth
  texture_Back: stone_granite_smooth
  texture_front: stone_granite_smooth

gravel:
  type: 0
  id: 26

  reflection: 0.02

  texture_top: gravel
  texture_bottom: gravel

  texture_left: gravel
  texture_right: gravel
  texture_Back: gravel
  texture_front: gravel

oak_log:
  type: 0
  id: 27

  reflection: 0.02

  texture_top: log_oak_top
  texture_bottom: log_oak_top

  texture_left: log_oak
  texture_right: log_oak
  texture_Back: log_oak
  texture_front: log_oak

hay_block:
  type: 0
  id: 28

  reflection: 0.02

  texture_top: hay_block_top
  texture_bottom: hay_block_top

  texture_left: hay_block_side
  texture_right: hay_block_side
  texture_Back: hay_block_side
  texture_front: hay_block_side

leaves_acacia:
  type: 6
  id: 29

  reflection: 0.02

  texture_top: leaves_acacia
  texture_bottom: leaves_acacia

  texture_left: leaves_acacia
  texture_right: leaves_acacia
  texture_Back: leaves_acacia
  texture_front: leaves_acacia

glass:
  type: 1
  id: 30

  reflection: 0.3

  texture_top: glass
  texture_bottom: glass

  texture_left: glass
  texture_right: glass
  texture_Back: glass
  texture_front: glass

sandstone_smooth:
  type: 0
  id: 31

  reflection: 0.02

  texture_top: sandstone_top
  texture_bottom: sandstone_bottom

  texture_left: sandstone_smooth
  texture_right: sandstone_smooth
  texture_Back: sandstone_smooth
  texture_front: sandstone_smooth

sandstone_carved:
  type: 0
  id: 32

  reflection: 0.02

  texture_top: sandstone_top
  texture_bottom: sandstone_bottom

  texture_left: sandstone_carved
  texture_right: sandstone_carved
  texture_Back: sandstone_carved
  texture_front: sandstone_carved