
podzol:
  type: 0
  id: 0

  reflection: 0.02

  texture_top: podzol_top
  texture_bottom: podzol_top

  texture_left: podzol_side
  texture_right: podzol_side
  texture_Back: podzol_side
  texture_front: podzol_side

stone:
  type: 0
  id: 1

  reflection: 0.03

  texture_top: stone
  texture_bottom: stone

  texture_left: stone
  texture_right: stone
  texture_Back: stone
  texture_front: stone



stone_rough:
  type: 0
  id: 2

  reflection: 0.01

  texture_top: stone_rough
  texture_bottom: stone_rough

  texture_left: stone_rough
  texture_right: stone_rough
  texture_Back: stone_rough
  texture_front: stone_rough

cobble:
  type: 0
  id: 4

  reflection: 0.02

  texture_top: cobble
  texture_bottom: cobble

  texture_left: cobble
  texture_right: cobble
  texture_Back: dicobblert
  texture_front: cobble

dirt:
  type: 0
  id: 5

  reflection: 0.02

  texture_top: dirt
  texture_bottom: dirt

  texture_left: dirt
  texture_right: dirt
  texture_Back: dirt
  texture_front: dirt

glass:
  type: 1
  id: 30

  reflection: 0.6

  texture_top: glass
  texture_bottom: glass

  texture_left: glass
  texture_right: glass
  texture_Back: glass
  texture_front: glass